
Microsoft Visual Studio Solution File, Format Version 12.00
# Visual Studio 14
VisualStudioVersion = 14.0.23107.0
MinimumVisualStudioVersion = 10.0.40219.1
Project("{FAE04EC0-301F-11D3-BF4B-00C04F79EFBC}") = "ZiiM Soraka", "ZiiM Soraka\ZiiM Soraka.csproj", "{CEB3FD21-8C9B-4FD2-9021-454B2D379581}"
EndProject
Global
	GlobalSection(SolutionConfigurationPlatforms) = preSolution
		Debug|Any CPU = Debug|Any CPU
		Release|Any CPU = Release|Any CPU
	EndGlobalSection
	GlobalSection(ProjectConfigurationPlatforms) = postSolution
		{CEB3FD21-8C9B-4FD2-9021-454B2D379581}.Debug|Any CPU.ActiveCfg = Debug|Any CPU
		{CEB3FD21-8C9B-4FD2-9021-454B2D379581}.Debug|Any CPU.Build.0 = Debug|Any CPU
		{CEB3FD21-8C9B-4FD2-9021-454B2D379581}.Release|Any CPU.ActiveCfg = Release|Any CPU
		{CEB3FD21-8C9B-4FD2-9021-454B2D379581}.Release|Any CPU.Build.0 = Release|Any CPU
	EndGlobalSection
	GlobalSection(SolutionProperties) = preSolution
		HideSolutionNode = FALSE
	EndGlobalSection
EndGlobal
